
Microsoft Visual Studio Solution File, Format Version 12.00
# Visual Studio Version 16
VisualStudioVersion = 16.0.32602.291
MinimumVisualStudioVersion = 10.0.40219.1
Project("{F184B08F-C81C-45F6-A57F-5ABD9991F28F}") = "Beach Bike Rentals", "Beach Bike Rentals.vbproj", "{0DA6E0D4-B12D-467C-8A05-69204C4BD849}"
EndProject
Global
	GlobalSection(SolutionConfigurationPlatforms) = preSolution
		Debug|Any CPU = Debug|Any CPU
		Release|Any CPU = Release|Any CPU
	EndGlobalSection
	GlobalSection(ProjectConfigurationPlatforms) = postSolution
		{0DA6E0D4-B12D-467C-8A05-69204C4BD849}.Debug|Any CPU.ActiveCfg = Debug|Any CPU
		{0DA6E0D4-B12D-467C-8A05-69204C4BD849}.Debug|Any CPU.Build.0 = Debug|Any CPU
		{0DA6E0D4-B12D-467C-8A05-69204C4BD849}.Release|Any CPU.ActiveCfg = Release|Any CPU
		{0DA6E0D4-B12D-467C-8A05-69204C4BD849}.Release|Any CPU.Build.0 = Release|Any CPU
	EndGlobalSection
	GlobalSection(SolutionProperties) = preSolution
		HideSolutionNode = FALSE
	EndGlobalSection
	GlobalSection(ExtensibilityGlobals) = postSolution
		SolutionGuid = {6CB0E641-5462-429A-BC7A-61FE84F22A3D}
	EndGlobalSection
EndGlobal
